
Microsoft Visual Studio Solution File, Format Version 12.00
# Visual Studio 2013
VisualStudioVersion = 12.0.31101.0
MinimumVisualStudioVersion = 10.0.40219.1
Project("{FAE04EC0-301F-11D3-BF4B-00C04F79EFBC}") = "TelegramBotsAPI", "TelegramBotsAPI\TelegramBotsAPI.csproj", "{D41B6FE5-10C2-4DEE-BA6D-3E559BAFC2D1}"
EndProject
Project("{FAE04EC0-301F-11D3-BF4B-00C04F79EFBC}") = "TelegramBotsAPITest", "TelegramBotsAPITest\TelegramBotsAPITest.csproj", "{8AE76E5F-4A0E-4A75-BC4F-29085A86979F}"
EndProject
Global
	GlobalSection(SolutionConfigurationPlatforms) = preSolution
		Debug|Any CPU = Debug|Any CPU
		Release|Any CPU = Release|Any CPU
	EndGlobalSection
	GlobalSection(ProjectConfigurationPlatforms) = postSolution
		{D41B6FE5-10C2-4DEE-BA6D-3E559BAFC2D1}.Debug|Any CPU.ActiveCfg = Debug|Any CPU
		{D41B6FE5-10C2-4DEE-BA6D-3E559BAFC2D1}.Debug|Any CPU.Build.0 = Debug|Any CPU
		{D41B6FE5-10C2-4DEE-BA6D-3E559BAFC2D1}.Release|Any CPU.ActiveCfg = Release|Any CPU
		{D41B6FE5-10C2-4DEE-BA6D-3E559BAFC2D1}.Release|Any CPU.Build.0 = Release|Any CPU
		{8AE76E5F-4A0E-4A75-BC4F-29085A86979F}.Debug|Any CPU.ActiveCfg = Debug|Any CPU
		{8AE76E5F-4A0E-4A75-BC4F-29085A86979F}.Debug|Any CPU.Build.0 = Debug|Any CPU
		{8AE76E5F-4A0E-4A75-BC4F-29085A86979F}.Release|Any CPU.ActiveCfg = Release|Any CPU
		{8AE76E5F-4A0E-4A75-BC4F-29085A86979F}.Release|Any CPU.Build.0 = Release|Any CPU
	EndGlobalSection
	GlobalSection(SolutionProperties) = preSolution
		HideSolutionNode = FALSE
	EndGlobalSection
EndGlobal
